// !$*UTF8*$!
{
	archiveVersion = 1;
	classes = {
	};
	objectVersion = 50;
	objects = {

/* Begin PBXBuildFile section */
		8620FC232405891600E3609A /* BFS.swift in Sources */ = {isa = PBXBuildFile; fileRef = 8620FC222405891600E3609A /* BFS.swift */; };
		8620FC252405CA3D00E3609A /* DFS.swift in Sources */ = {isa = PBXBuildFile; fileRef = 8620FC242405CA3D00E3609A /* DFS.swift */; };
		8620FC292405CBBE00E3609A /* TreeTraversal.swift in Sources */ = {isa = PBXBuildFile; fileRef = 8620FC272405CBBD00E3609A /* TreeTraversal.swift */; };
		8620FC2A2405CBBE00E3609A /* TreeQuiz.swift in Sources */ = {isa = PBXBuildFile; fileRef = 8620FC282405CBBD00E3609A /* TreeQuiz.swift */; };
		8620FC2D2405D6FE00E3609A /* ConnectedComponents.swift in Sources */ = {isa = PBXBuildFile; fileRef = 8620FC2B2405D6FE00E3609A /* ConnectedComponents.swift */; };
		8620FC2E2405D6FE00E3609A /* Bipartite.swift in Sources */ = {isa = PBXBuildFile; fileRef = 8620FC2C2405D6FE00E3609A /* Bipartite.swift */; };
		8620FC302405E9E300E3609A /* LCA.swift in Sources */ = {isa = PBXBuildFile; fileRef = 8620FC2F2405E9E300E3609A /* LCA.swift */; };
		8620FC352407291B00E3609A /* UF.swift in Sources */ = {isa = PBXBuildFile; fileRef = 8620FC342407291A00E3609A /* UF.swift */; };
		8646FC2E23F220640064CBB2 /* main.swift in Sources */ = {isa = PBXBuildFile; fileRef = 8646FC2D23F220640064CBB2 /* main.swift */; };
		8646FC3623F220990064CBB2 /* Searching.swift in Sources */ = {isa = PBXBuildFile; fileRef = 8646FC3523F220990064CBB2 /* Searching.swift */; };
		8646FC3823F228670064CBB2 /* Sorting.swift in Sources */ = {isa = PBXBuildFile; fileRef = 8646FC3723F228670064CBB2 /* Sorting.swift */; };
		8646FC3B23F370B80064CBB2 /* Recursion.swift in Sources */ = {isa = PBXBuildFile; fileRef = 8646FC3A23F370B80064CBB2 /* Recursion.swift */; };
		8646FC3D23F376370064CBB2 /* String+DPStringTool.swift in Sources */ = {isa = PBXBuildFile; fileRef = 8646FC3C23F376370064CBB2 /* String+DPStringTool.swift */; };
		8646FC4323F4D3930064CBB2 /* Assignment1.swift in Sources */ = {isa = PBXBuildFile; fileRef = 8646FC4223F4D3930064CBB2 /* Assignment1.swift */; };
		8646FC4523F4DF170064CBB2 /* QuickSort.swift in Sources */ = {isa = PBXBuildFile; fileRef = 8646FC4423F4DF170064CBB2 /* QuickSort.swift */; };
		8646FC5423F619D20064CBB2 /* Stack.swift in Sources */ = {isa = PBXBuildFile; fileRef = 8646FC5123F619D20064CBB2 /* Stack.swift */; };
		8646FC5523F619D20064CBB2 /* Bag.swift in Sources */ = {isa = PBXBuildFile; fileRef = 8646FC5223F619D20064CBB2 /* Bag.swift */; };
		8646FC5623F619D20064CBB2 /* Queue.swift in Sources */ = {isa = PBXBuildFile; fileRef = 8646FC5323F619D20064CBB2 /* Queue.swift */; };
		8646FC5923F74DAB0064CBB2 /* BackTracking.swift in Sources */ = {isa = PBXBuildFile; fileRef = 8646FC5823F74DAB0064CBB2 /* BackTracking.swift */; };
		8646FC5C23F8AF4A0064CBB2 /* MiniProject1.swift in Sources */ = {isa = PBXBuildFile; fileRef = 8646FC5B23F8AF4A0064CBB2 /* MiniProject1.swift */; };
		8646FC6023FCA5A60064CBB2 /* Board.swift in Sources */ = {isa = PBXBuildFile; fileRef = 8646FC5E23FCA5A60064CBB2 /* Board.swift */; };
		8646FC6123FCA5A60064CBB2 /* QueensSolver.swift in Sources */ = {isa = PBXBuildFile; fileRef = 8646FC5F23FCA5A60064CBB2 /* QueensSolver.swift */; };
		8646FC6423FCA8CF0064CBB2 /* ExhaustiveSearch.swift in Sources */ = {isa = PBXBuildFile; fileRef = 8646FC6323FCA8CF0064CBB2 /* ExhaustiveSearch.swift */; };
		8678CE432402FDF900E69AA1 /* smallestOrlargestMElementsInNItems.swift in Sources */ = {isa = PBXBuildFile; fileRef = 8678CE422402FDF900E69AA1 /* smallestOrlargestMElementsInNItems.swift */; };
		8678CE452403077C00E69AA1 /* PriorityQueue.swift in Sources */ = {isa = PBXBuildFile; fileRef = 8678CE442403077C00E69AA1 /* PriorityQueue.swift */; };
/* End PBXBuildFile section */

/* Begin PBXCopyFilesBuildPhase section */
		8646FC2823F220640064CBB2 /* CopyFiles */ = {
			isa = PBXCopyFilesBuildPhase;
			buildActionMask = 2147483647;
			dstPath = /usr/share/man/man1/;
			dstSubfolderSpec = 0;
			files = (
			);
			runOnlyForDeploymentPostprocessing = 1;
		};
/* End PBXCopyFilesBuildPhase section */

/* Begin PBXFileReference section */
		8620FC222405891600E3609A /* BFS.swift */ = {isa = PBXFileReference; fileEncoding = 4; lastKnownFileType = sourcecode.swift; path = BFS.swift; sourceTree = "<group>"; };
		8620FC242405CA3D00E3609A /* DFS.swift */ = {isa = PBXFileReference; fileEncoding = 4; lastKnownFileType = sourcecode.swift; path = DFS.swift; sourceTree = "<group>"; };
		8620FC272405CBBD00E3609A /* TreeTraversal.swift */ = {isa = PBXFileReference; fileEncoding = 4; lastKnownFileType = sourcecode.swift; path = TreeTraversal.swift; sourceTree = "<group>"; };
		8620FC282405CBBD00E3609A /* TreeQuiz.swift */ = {isa = PBXFileReference; fileEncoding = 4; lastKnownFileType = sourcecode.swift; path = TreeQuiz.swift; sourceTree = "<group>"; };
		8620FC2B2405D6FE00E3609A /* ConnectedComponents.swift */ = {isa = PBXFileReference; fileEncoding = 4; lastKnownFileType = sourcecode.swift; path = ConnectedComponents.swift; sourceTree = "<group>"; };
		8620FC2C2405D6FE00E3609A /* Bipartite.swift */ = {isa = PBXFileReference; fileEncoding = 4; lastKnownFileType = sourcecode.swift; path = Bipartite.swift; sourceTree = "<group>"; };
		8620FC2F2405E9E300E3609A /* LCA.swift */ = {isa = PBXFileReference; lastKnownFileType = sourcecode.swift; path = LCA.swift; sourceTree = "<group>"; };
		8620FC342407291A00E3609A /* UF.swift */ = {isa = PBXFileReference; fileEncoding = 4; lastKnownFileType = sourcecode.swift; path = UF.swift; sourceTree = "<group>"; };
		8646FC2A23F220640064CBB2 /* SwiftAlgorithmsDataStructures */ = {isa = PBXFileReference; explicitFileType = "compiled.mach-o.executable"; includeInIndex = 0; path = SwiftAlgorithmsDataStructures; sourceTree = BUILT_PRODUCTS_DIR; };
		8646FC2D23F220640064CBB2 /* main.swift */ = {isa = PBXFileReference; lastKnownFileType = sourcecode.swift; path = main.swift; sourceTree = "<group>"; };
		8646FC3523F220990064CBB2 /* Searching.swift */ = {isa = PBXFileReference; lastKnownFileType = sourcecode.swift; path = Searching.swift; sourceTree = "<group>"; };
		8646FC3723F228670064CBB2 /* Sorting.swift */ = {isa = PBXFileReference; lastKnownFileType = sourcecode.swift; path = Sorting.swift; sourceTree = "<group>"; };
		8646FC3A23F370B80064CBB2 /* Recursion.swift */ = {isa = PBXFileReference; lastKnownFileType = sourcecode.swift; path = Recursion.swift; sourceTree = "<group>"; };
		8646FC3C23F376370064CBB2 /* String+DPStringTool.swift */ = {isa = PBXFileReference; fileEncoding = 4; lastKnownFileType = sourcecode.swift; path = "String+DPStringTool.swift"; sourceTree = "<group>"; };
		8646FC3E23F37BF40064CBB2 /* story.txt */ = {isa = PBXFileReference; lastKnownFileType = text; path = story.txt; sourceTree = "<group>"; };
		8646FC4223F4D3930064CBB2 /* Assignment1.swift */ = {isa = PBXFileReference; lastKnownFileType = sourcecode.swift; path = Assignment1.swift; sourceTree = "<group>"; };
		8646FC4423F4DF170064CBB2 /* QuickSort.swift */ = {isa = PBXFileReference; lastKnownFileType = sourcecode.swift; path = QuickSort.swift; sourceTree = "<group>"; };
		8646FC5123F619D20064CBB2 /* Stack.swift */ = {isa = PBXFileReference; fileEncoding = 4; lastKnownFileType = sourcecode.swift; path = Stack.swift; sourceTree = "<group>"; };
		8646FC5223F619D20064CBB2 /* Bag.swift */ = {isa = PBXFileReference; fileEncoding = 4; lastKnownFileType = sourcecode.swift; path = Bag.swift; sourceTree = "<group>"; };
		8646FC5323F619D20064CBB2 /* Queue.swift */ = {isa = PBXFileReference; fileEncoding = 4; lastKnownFileType = sourcecode.swift; path = Queue.swift; sourceTree = "<group>"; };
		8646FC5823F74DAB0064CBB2 /* BackTracking.swift */ = {isa = PBXFileReference; lastKnownFileType = sourcecode.swift; path = BackTracking.swift; sourceTree = "<group>"; };
		8646FC5B23F8AF4A0064CBB2 /* MiniProject1.swift */ = {isa = PBXFileReference; lastKnownFileType = sourcecode.swift; path = MiniProject1.swift; sourceTree = "<group>"; };
		8646FC5E23FCA5A60064CBB2 /* Board.swift */ = {isa = PBXFileReference; fileEncoding = 4; lastKnownFileType = sourcecode.swift; path = Board.swift; sourceTree = "<group>"; };
		8646FC5F23FCA5A60064CBB2 /* QueensSolver.swift */ = {isa = PBXFileReference; fileEncoding = 4; lastKnownFileType = sourcecode.swift; path = QueensSolver.swift; sourceTree = "<group>"; };
		8646FC6323FCA8CF0064CBB2 /* ExhaustiveSearch.swift */ = {isa = PBXFileReference; lastKnownFileType = sourcecode.swift; path = ExhaustiveSearch.swift; sourceTree = "<group>"; };
		8678CE422402FDF900E69AA1 /* smallestOrlargestMElementsInNItems.swift */ = {isa = PBXFileReference; lastKnownFileType = sourcecode.swift; path = smallestOrlargestMElementsInNItems.swift; sourceTree = "<group>"; };
		8678CE442403077C00E69AA1 /* PriorityQueue.swift */ = {isa = PBXFileReference; lastKnownFileType = sourcecode.swift; path = PriorityQueue.swift; sourceTree = "<group>"; };
/* End PBXFileReference section */

/* Begin PBXFrameworksBuildPhase section */
		8646FC2723F220640064CBB2 /* Frameworks */ = {
			isa = PBXFrameworksBuildPhase;
			buildActionMask = 2147483647;
			files = (
			);
			runOnlyForDeploymentPostprocessing = 0;
		};
/* End PBXFrameworksBuildPhase section */

/* Begin PBXGroup section */
		8620FC1F2404A3C700E3609A /* Graph */ = {
			isa = PBXGroup;
			children = (
				8620FC222405891600E3609A /* BFS.swift */,
				8620FC242405CA3D00E3609A /* DFS.swift */,
				8620FC2C2405D6FE00E3609A /* Bipartite.swift */,
				8620FC2B2405D6FE00E3609A /* ConnectedComponents.swift */,
			);
			path = Graph;
			sourceTree = "<group>";
		};
		8620FC262405CBBD00E3609A /* Tree */ = {
			isa = PBXGroup;
			children = (
				8620FC272405CBBD00E3609A /* TreeTraversal.swift */,
				8620FC282405CBBD00E3609A /* TreeQuiz.swift */,
				8620FC2F2405E9E300E3609A /* LCA.swift */,
			);
			path = Tree;
			sourceTree = "<group>";
		};
		8620FC31240728B500E3609A /* DateStructures2 */ = {
			isa = PBXGroup;
			children = (
				8620FC342407291A00E3609A /* UF.swift */,
			);
			path = DateStructures2;
			sourceTree = "<group>";
		};
		8646FC2123F220630064CBB2 = {
			isa = PBXGroup;
			children = (
				8646FC2C23F220640064CBB2 /* SwiftAlgorithmsDataStructures */,
				8646FC2B23F220640064CBB2 /* Products */,
			);
			sourceTree = "<group>";
		};
		8646FC2B23F220640064CBB2 /* Products */ = {
			isa = PBXGroup;
			children = (
				8646FC2A23F220640064CBB2 /* SwiftAlgorithmsDataStructures */,
			);
			name = Products;
			sourceTree = "<group>";
		};
		8646FC2C23F220640064CBB2 /* SwiftAlgorithmsDataStructures */ = {
			isa = PBXGroup;
			children = (
				8620FC262405CBBD00E3609A /* Tree */,
				8620FC1F2404A3C700E3609A /* Graph */,
				8678CE412402FDB300E69AA1 /* Group Presentation */,
				8646FC6223FCA8730064CBB2 /* ExhaustiveSearches */,
				8646FC5D23FCA57A0064CBB2 /* Mini-Project 2 */,
				8646FC5A23F8AF2C0064CBB2 /* Mini-Project 1 */,
				8646FC5723F74D980064CBB2 /* BackTracking */,
				8646FC5023F619D20064CBB2 /* DateStructures1 */,
				8620FC31240728B500E3609A /* DateStructures2 */,
				8646FC3923F370930064CBB2 /* Recursion */,
				8646FC3423F220710064CBB2 /* SearchingSorting */,
				8646FC2D23F220640064CBB2 /* main.swift */,
				8646FC3C23F376370064CBB2 /* String+DPStringTool.swift */,
			);
			path = SwiftAlgorithmsDataStructures;
			sourceTree = "<group>";
		};
		8646FC3423F220710064CBB2 /* SearchingSorting */ = {
			isa = PBXGroup;
			children = (
				8646FC3523F220990064CBB2 /* Searching.swift */,
				8646FC3723F228670064CBB2 /* Sorting.swift */,
				8646FC4423F4DF170064CBB2 /* QuickSort.swift */,
			);
			path = SearchingSorting;
			sourceTree = "<group>";
		};
		8646FC3923F370930064CBB2 /* Recursion */ = {
			isa = PBXGroup;
			children = (
				8646FC3A23F370B80064CBB2 /* Recursion.swift */,
				8646FC3E23F37BF40064CBB2 /* story.txt */,
				8646FC4223F4D3930064CBB2 /* Assignment1.swift */,
			);
			path = Recursion;
			sourceTree = "<group>";
		};
		8646FC5023F619D20064CBB2 /* DateStructures1 */ = {
			isa = PBXGroup;
			children = (
				8646FC5123F619D20064CBB2 /* Stack.swift */,
				8646FC5223F619D20064CBB2 /* Bag.swift */,
				8646FC5323F619D20064CBB2 /* Queue.swift */,
			);
			path = DateStructures1;
			sourceTree = "<group>";
		};
		8646FC5723F74D980064CBB2 /* BackTracking */ = {
			isa = PBXGroup;
			children = (
				8646FC5823F74DAB0064CBB2 /* BackTracking.swift */,
			);
			path = BackTracking;
			sourceTree = "<group>";
		};
		8646FC5A23F8AF2C0064CBB2 /* Mini-Project 1 */ = {
			isa = PBXGroup;
			children = (
				8646FC5B23F8AF4A0064CBB2 /* MiniProject1.swift */,
			);
			path = "Mini-Project 1";
			sourceTree = "<group>";
		};
		8646FC5D23FCA57A0064CBB2 /* Mini-Project 2 */ = {
			isa = PBXGroup;
			children = (
				8646FC5E23FCA5A60064CBB2 /* Board.swift */,
				8646FC5F23FCA5A60064CBB2 /* QueensSolver.swift */,
			);
			path = "Mini-Project 2";
			sourceTree = "<group>";
		};
		8646FC6223FCA8730064CBB2 /* ExhaustiveSearches */ = {
			isa = PBXGroup;
			children = (
				8646FC6323FCA8CF0064CBB2 /* ExhaustiveSearch.swift */,
			);
			path = ExhaustiveSearches;
			sourceTree = "<group>";
		};
		8678CE412402FDB300E69AA1 /* Group Presentation */ = {
			isa = PBXGroup;
			children = (
				8678CE422402FDF900E69AA1 /* smallestOrlargestMElementsInNItems.swift */,
				8678CE442403077C00E69AA1 /* PriorityQueue.swift */,
			);
			path = "Group Presentation";
			sourceTree = "<group>";
		};
/* End PBXGroup section */

/* Begin PBXNativeTarget section */
		8646FC2923F220640064CBB2 /* SwiftAlgorithmsDataStructures */ = {
			isa = PBXNativeTarget;
			buildConfigurationList = 8646FC3123F220640064CBB2 /* Build configuration list for PBXNativeTarget "SwiftAlgorithmsDataStructures" */;
			buildPhases = (
				8646FC2623F220640064CBB2 /* Sources */,
				8646FC2723F220640064CBB2 /* Frameworks */,
				8646FC2823F220640064CBB2 /* CopyFiles */,
			);
			buildRules = (
			);
			dependencies = (
			);
			name = SwiftAlgorithmsDataStructures;
			productName = SwiftAlgorithmsDataStructures;
			productReference = 8646FC2A23F220640064CBB2 /* SwiftAlgorithmsDataStructures */;
			productType = "com.apple.product-type.tool";
		};
/* End PBXNativeTarget section */

/* Begin PBXProject section */
		8646FC2223F220630064CBB2 /* Project object */ = {
			isa = PBXProject;
			attributes = {
				LastSwiftUpdateCheck = 1130;
				LastUpgradeCheck = 1130;
				ORGANIZATIONNAME = WendaLi;
				TargetAttributes = {
					8646FC2923F220640064CBB2 = {
						CreatedOnToolsVersion = 11.3.1;
					};
				};
			};
			buildConfigurationList = 8646FC2523F220630064CBB2 /* Build configuration list for PBXProject "SwiftAlgorithmsDataStructures" */;
			compatibilityVersion = "Xcode 9.3";
			developmentRegion = en;
			hasScannedForEncodings = 0;
			knownRegions = (
				en,
				Base,
			);
			mainGroup = 8646FC2123F220630064CBB2;
			productRefGroup = 8646FC2B23F220640064CBB2 /* Products */;
			projectDirPath = "";
			projectRoot = "";
			targets = (
				8646FC2923F220640064CBB2 /* SwiftAlgorithmsDataStructures */,
			);
		};
/* End PBXProject section */

/* Begin PBXSourcesBuildPhase section */
		8646FC2623F220640064CBB2 /* Sources */ = {
			isa = PBXSourcesBuildPhase;
			buildActionMask = 2147483647;
			files = (
				8646FC4323F4D3930064CBB2 /* Assignment1.swift in Sources */,
				8646FC3B23F370B80064CBB2 /* Recursion.swift in Sources */,
				8620FC292405CBBE00E3609A /* TreeTraversal.swift in Sources */,
				8620FC352407291B00E3609A /* UF.swift in Sources */,
				8646FC5C23F8AF4A0064CBB2 /* MiniProject1.swift in Sources */,
				8620FC302405E9E300E3609A /* LCA.swift in Sources */,
				8620FC2E2405D6FE00E3609A /* Bipartite.swift in Sources */,
				8646FC6423FCA8CF0064CBB2 /* ExhaustiveSearch.swift in Sources */,
				8646FC5923F74DAB0064CBB2 /* BackTracking.swift in Sources */,
				8620FC232405891600E3609A /* BFS.swift in Sources */,
				8620FC2D2405D6FE00E3609A /* ConnectedComponents.swift in Sources */,
				8646FC4523F4DF170064CBB2 /* QuickSort.swift in Sources */,
				8646FC3D23F376370064CBB2 /* String+DPStringTool.swift in Sources */,
				8646FC6023FCA5A60064CBB2 /* Board.swift in Sources */,
				8646FC5423F619D20064CBB2 /* Stack.swift in Sources */,
				8646FC5623F619D20064CBB2 /* Queue.swift in Sources */,
				8620FC2A2405CBBE00E3609A /* TreeQuiz.swift in Sources */,
				8646FC6123FCA5A60064CBB2 /* QueensSolver.swift in Sources */,
				8646FC3823F228670064CBB2 /* Sorting.swift in Sources */,
				8620FC252405CA3D00E3609A /* DFS.swift in Sources */,
				8678CE432402FDF900E69AA1 /* smallestOrlargestMElementsInNItems.swift in Sources */,
				8646FC3623F220990064CBB2 /* Searching.swift in Sources */,
				8646FC5523F619D20064CBB2 /* Bag.swift in Sources */,
				8646FC2E23F220640064CBB2 /* main.swift in Sources */,
				8678CE452403077C00E69AA1 /* PriorityQueue.swift in Sources */,
			);
			runOnlyForDeploymentPostprocessing = 0;
		};
/* End PBXSourcesBuildPhase section */

/* Begin XCBuildConfiguration section */
		8646FC2F23F220640064CBB2 /* Debug */ = {
			isa = XCBuildConfiguration;
			buildSettings = {
				ALWAYS_SEARCH_USER_PATHS = NO;
				CLANG_ANALYZER_NONNULL = YES;
				CLANG_ANALYZER_NUMBER_OBJECT_CONVERSION = YES_AGGRESSIVE;
				CLANG_CXX_LANGUAGE_STANDARD = "gnu++14";
				CLANG_CXX_LIBRARY = "libc++";
				CLANG_ENABLE_MODULES = YES;
				CLANG_ENABLE_OBJC_ARC = YES;
				CLANG_ENABLE_OBJC_WEAK = YES;
				CLANG_WARN_BLOCK_CAPTURE_AUTORELEASING = YES;
				CLANG_WARN_BOOL_CONVERSION = YES;
				CLANG_WARN_COMMA = YES;
				CLANG_WARN_CONSTANT_CONVERSION = YES;
				CLANG_WARN_DEPRECATED_OBJC_IMPLEMENTATIONS = YES;
				CLANG_WARN_DIRECT_OBJC_ISA_USAGE = YES_ERROR;
				CLANG_WARN_DOCUMENTATION_COMMENTS = YES;
				CLANG_WARN_EMPTY_BODY = YES;
				CLANG_WARN_ENUM_CONVERSION = YES;
				CLANG_WARN_INFINITE_RECURSION = YES;
				CLANG_WARN_INT_CONVERSION = YES;
				CLANG_WARN_NON_LITERAL_NULL_CONVERSION = YES;
				CLANG_WARN_OBJC_IMPLICIT_RETAIN_SELF = YES;
				CLANG_WARN_OBJC_LITERAL_CONVERSION = YES;
				CLANG_WARN_OBJC_ROOT_CLASS = YES_ERROR;
				CLANG_WARN_RANGE_LOOP_ANALYSIS = YES;
				CLANG_WARN_STRICT_PROTOTYPES = YES;
				CLANG_WARN_SUSPICIOUS_MOVE = YES;
				CLANG_WARN_UNGUARDED_AVAILABILITY = YES_AGGRESSIVE;
				CLANG_WARN_UNREACHABLE_CODE = YES;
				CLANG_WARN__DUPLICATE_METHOD_MATCH = YES;
				COPY_PHASE_STRIP = NO;
				DEBUG_INFORMATION_FORMAT = dwarf;
				ENABLE_STRICT_OBJC_MSGSEND = YES;
				ENABLE_TESTABILITY = YES;
				GCC_C_LANGUAGE_STANDARD = gnu11;
				GCC_DYNAMIC_NO_PIC = NO;
				GCC_NO_COMMON_BLOCKS = YES;
				GCC_OPTIMIZATION_LEVEL = 0;
				GCC_PREPROCESSOR_DEFINITIONS = (
					"DEBUG=1",
					"$(inherited)",
				);
				GCC_WARN_64_TO_32_BIT_CONVERSION = YES;
				GCC_WARN_ABOUT_RETURN_TYPE = YES_ERROR;
				GCC_WARN_UNDECLARED_SELECTOR = YES;
				GCC_WARN_UNINITIALIZED_AUTOS = YES_AGGRESSIVE;
				GCC_WARN_UNUSED_FUNCTION = YES;
				GCC_WARN_UNUSED_VARIABLE = YES;
				MACOSX_DEPLOYMENT_TARGET = 10.15;
				MTL_ENABLE_DEBUG_INFO = INCLUDE_SOURCE;
				MTL_FAST_MATH = YES;
				ONLY_ACTIVE_ARCH = YES;
				SDKROOT = macosx;
				SWIFT_ACTIVE_COMPILATION_CONDITIONS = DEBUG;
				SWIFT_OPTIMIZATION_LEVEL = "-Onone";
			};
			name = Debug;
		};
		8646FC3023F220640064CBB2 /* Release */ = {
			isa = XCBuildConfiguration;
			buildSettings = {
				ALWAYS_SEARCH_USER_PATHS = NO;
				CLANG_ANALYZER_NONNULL = YES;
				CLANG_ANALYZER_NUMBER_OBJECT_CONVERSION = YES_AGGRESSIVE;
				CLANG_CXX_LANGUAGE_STANDARD = "gnu++14";
				CLANG_CXX_LIBRARY = "libc++";
				CLANG_ENABLE_MODULES = YES;
				CLANG_ENABLE_OBJC_ARC = YES;
				CLANG_ENABLE_OBJC_WEAK = YES;
				CLANG_WARN_BLOCK_CAPTURE_AUTORELEASING = YES;
				CLANG_WARN_BOOL_CONVERSION = YES;
				CLANG_WARN_COMMA = YES;
				CLANG_WARN_CONSTANT_CONVERSION = YES;
				CLANG_WARN_DEPRECATED_OBJC_IMPLEMENTATIONS = YES;
				CLANG_WARN_DIRECT_OBJC_ISA_USAGE = YES_ERROR;
				CLANG_WARN_DOCUMENTATION_COMMENTS = YES;
				CLANG_WARN_EMPTY_BODY = YES;
				CLANG_WARN_ENUM_CONVERSION = YES;
				CLANG_WARN_INFINITE_RECURSION = YES;
				CLANG_WARN_INT_CONVERSION = YES;
				CLANG_WARN_NON_LITERAL_NULL_CONVERSION = YES;
				CLANG_WARN_OBJC_IMPLICIT_RETAIN_SELF = YES;
				CLANG_WARN_OBJC_LITERAL_CONVERSION = YES;
				CLANG_WARN_OBJC_ROOT_CLASS = YES_ERROR;
				CLANG_WARN_RANGE_LOOP_ANALYSIS = YES;
				CLANG_WARN_STRICT_PROTOTYPES = YES;
				CLANG_WARN_SUSPICIOUS_MOVE = YES;
				CLANG_WARN_UNGUARDED_AVAILABILITY = YES_AGGRESSIVE;
				CLANG_WARN_UNREACHABLE_CODE = YES;
				CLANG_WARN__DUPLICATE_METHOD_MATCH = YES;
				COPY_PHASE_STRIP = NO;
				DEBUG_INFORMATION_FORMAT = "dwarf-with-dsym";
				ENABLE_NS_ASSERTIONS = NO;
				ENABLE_STRICT_OBJC_MSGSEND = YES;
				GCC_C_LANGUAGE_STANDARD = gnu11;
				GCC_NO_COMMON_BLOCKS = YES;
				GCC_WARN_64_TO_32_BIT_CONVERSION = YES;
				GCC_WARN_ABOUT_RETURN_TYPE = YES_ERROR;
				GCC_WARN_UNDECLARED_SELECTOR = YES;
				GCC_WARN_UNINITIALIZED_AUTOS = YES_AGGRESSIVE;
				GCC_WARN_UNUSED_FUNCTION = YES;
				GCC_WARN_UNUSED_VARIABLE = YES;
				MACOSX_DEPLOYMENT_TARGET = 10.15;
				MTL_ENABLE_DEBUG_INFO = NO;
				MTL_FAST_MATH = YES;
				SDKROOT = macosx;
				SWIFT_COMPILATION_MODE = wholemodule;
				SWIFT_OPTIMIZATION_LEVEL = "-O";
			};
			name = Release;
		};
		8646FC3223F220640064CBB2 /* Debug */ = {
			isa = XCBuildConfiguration;
			buildSettings = {
				CODE_SIGN_STYLE = Automatic;
				DEVELOPMENT_TEAM = Q596375UUV;
				ENABLE_HARDENED_RUNTIME = YES;
				PRODUCT_NAME = "$(TARGET_NAME)";
				SWIFT_VERSION = 5.0;
			};
			name = Debug;
		};
		8646FC3323F220640064CBB2 /* Release */ = {
			isa = XCBuildConfiguration;
			buildSettings = {
				CODE_SIGN_STYLE = Automatic;
				DEVELOPMENT_TEAM = Q596375UUV;
				ENABLE_HARDENED_RUNTIME = YES;
				PRODUCT_NAME = "$(TARGET_NAME)";
				SWIFT_VERSION = 5.0;
			};
			name = Release;
		};
/* End XCBuildConfiguration section */

/* Begin XCConfigurationList section */
		8646FC2523F220630064CBB2 /* Build configuration list for PBXProject "SwiftAlgorithmsDataStructures" */ = {
			isa = XCConfigurationList;
			buildConfigurations = (
				8646FC2F23F220640064CBB2 /* Debug */,
				8646FC3023F220640064CBB2 /* Release */,
			);
			defaultConfigurationIsVisible = 0;
			defaultConfigurationName = Release;
		};
		8646FC3123F220640064CBB2 /* Build configuration list for PBXNativeTarget "SwiftAlgorithmsDataStructures" */ = {
			isa = XCConfigurationList;
			buildConfigurations = (
				8646FC3223F220640064CBB2 /* Debug */,
				8646FC3323F220640064CBB2 /* Release */,
			);
			defaultConfigurationIsVisible = 0;
			defaultConfigurationName = Release;
		};
/* End XCConfigurationList section */
	};
	rootObject = 8646FC2223F220630064CBB2 /* Project object */;
}
